
Microsoft Visual Studio Solution File, Format Version 12.00
# Visual Studio 15
VisualStudioVersion = 15.0.28307.106
MinimumVisualStudioVersion = 10.0.40219.1
Project("{8BC9CEB8-8B4A-11D0-8D11-00A0C91BC942}") = "textFile", "textFile\textFile.vcxproj", "{73946459-8976-4FA4-9C3B-61FBC725DBF3}"
EndProject
Project("{8BC9CEB8-8B4A-11D0-8D11-00A0C91BC942}") = "binaryFile", "binaryFile\binaryFile.vcxproj", "{B84A9AAA-86F6-47D8-958F-7D20F065F9D4}"
EndProject
Global
	GlobalSection(SolutionConfigurationPlatforms) = preSolution
		Debug|x64 = Debug|x64
		Debug|x86 = Debug|x86
		Release|x64 = Release|x64
		Release|x86 = Release|x86
	EndGlobalSection
	GlobalSection(ProjectConfigurationPlatforms) = postSolution
		{73946459-8976-4FA4-9C3B-61FBC725DBF3}.Debug|x64.ActiveCfg = Debug|x64
		{73946459-8976-4FA4-9C3B-61FBC725DBF3}.Debug|x64.Build.0 = Debug|x64
		{73946459-8976-4FA4-9C3B-61FBC725DBF3}.Debug|x86.ActiveCfg = Debug|Win32
		{73946459-8976-4FA4-9C3B-61FBC725DBF3}.Debug|x86.Build.0 = Debug|Win32
		{73946459-8976-4FA4-9C3B-61FBC725DBF3}.Release|x64.ActiveCfg = Release|x64
		{73946459-8976-4FA4-9C3B-61FBC725DBF3}.Release|x64.Build.0 = Release|x64
		{73946459-8976-4FA4-9C3B-61FBC725DBF3}.Release|x86.ActiveCfg = Release|Win32
		{73946459-8976-4FA4-9C3B-61FBC725DBF3}.Release|x86.Build.0 = Release|Win32
		{B84A9AAA-86F6-47D8-958F-7D20F065F9D4}.Debug|x64.ActiveCfg = Debug|x64
		{B84A9AAA-86F6-47D8-958F-7D20F065F9D4}.Debug|x64.Build.0 = Debug|x64
		{B84A9AAA-86F6-47D8-958F-7D20F065F9D4}.Debug|x86.ActiveCfg = Debug|Win32
		{B84A9AAA-86F6-47D8-958F-7D20F065F9D4}.Debug|x86.Build.0 = Debug|Win32
		{B84A9AAA-86F6-47D8-958F-7D20F065F9D4}.Release|x64.ActiveCfg = Release|x64
		{B84A9AAA-86F6-47D8-958F-7D20F065F9D4}.Release|x64.Build.0 = Release|x64
		{B84A9AAA-86F6-47D8-958F-7D20F065F9D4}.Release|x86.ActiveCfg = Release|Win32
		{B84A9AAA-86F6-47D8-958F-7D20F065F9D4}.Release|x86.Build.0 = Release|Win32
	EndGlobalSection
	GlobalSection(SolutionProperties) = preSolution
		HideSolutionNode = FALSE
	EndGlobalSection
	GlobalSection(ExtensibilityGlobals) = postSolution
		SolutionGuid = {35827CF9-5EF4-4882-8D4B-369456556DB2}
	EndGlobalSection
EndGlobal
